
Microsoft Visual Studio Solution File, Format Version 12.00
# Visual Studio 15
VisualStudioVersion = 15.0.28307.421
MinimumVisualStudioVersion = 10.0.40219.1
Project("{FAE04EC0-301F-11D3-BF4B-00C04F79EFBC}") = "App.Entities", "App.Entities\App.Entities.csproj", "{F311568E-DF88-42FE-A16A-443216FE0D4C}"
EndProject
Project("{FAE04EC0-301F-11D3-BF4B-00C04F79EFBC}") = "App.Data", "App.Data\App.Data.csproj", "{947B7FA9-E8A9-4C03-BD05-A8EDE12A0320}"
EndProject
Project("{FAE04EC0-301F-11D3-BF4B-00C04F79EFBC}") = "App.Data.Test", "App.Data.Test\App.Data.Test.csproj", "{12518ACB-F029-446F-B8CD-D81EAD7F456A}"
EndProject
Global
	GlobalSection(SolutionConfigurationPlatforms) = preSolution
		Debug|Any CPU = Debug|Any CPU
		Release|Any CPU = Release|Any CPU
	EndGlobalSection
	GlobalSection(ProjectConfigurationPlatforms) = postSolution
		{F311568E-DF88-42FE-A16A-443216FE0D4C}.Debug|Any CPU.ActiveCfg = Debug|Any CPU
		{F311568E-DF88-42FE-A16A-443216FE0D4C}.Debug|Any CPU.Build.0 = Debug|Any CPU
		{F311568E-DF88-42FE-A16A-443216FE0D4C}.Release|Any CPU.ActiveCfg = Release|Any CPU
		{F311568E-DF88-42FE-A16A-443216FE0D4C}.Release|Any CPU.Build.0 = Release|Any CPU
		{947B7FA9-E8A9-4C03-BD05-A8EDE12A0320}.Debug|Any CPU.ActiveCfg = Debug|Any CPU
		{947B7FA9-E8A9-4C03-BD05-A8EDE12A0320}.Debug|Any CPU.Build.0 = Debug|Any CPU
		{947B7FA9-E8A9-4C03-BD05-A8EDE12A0320}.Release|Any CPU.ActiveCfg = Release|Any CPU
		{947B7FA9-E8A9-4C03-BD05-A8EDE12A0320}.Release|Any CPU.Build.0 = Release|Any CPU
		{12518ACB-F029-446F-B8CD-D81EAD7F456A}.Debug|Any CPU.ActiveCfg = Debug|Any CPU
		{12518ACB-F029-446F-B8CD-D81EAD7F456A}.Debug|Any CPU.Build.0 = Debug|Any CPU
		{12518ACB-F029-446F-B8CD-D81EAD7F456A}.Release|Any CPU.ActiveCfg = Release|Any CPU
		{12518ACB-F029-446F-B8CD-D81EAD7F456A}.Release|Any CPU.Build.0 = Release|Any CPU
	EndGlobalSection
	GlobalSection(SolutionProperties) = preSolution
		HideSolutionNode = FALSE
	EndGlobalSection
	GlobalSection(ExtensibilityGlobals) = postSolution
		SolutionGuid = {889BA6B4-B73A-46EA-9A69-21812A7AB896}
	EndGlobalSection
EndGlobal
