
Microsoft Visual Studio Solution File, Format Version 12.00
# Visual Studio 15
VisualStudioVersion = 15.0.28307.421
MinimumVisualStudioVersion = 10.0.40219.1
Project("{FAE04EC0-301F-11D3-BF4B-00C04F79EFBC}") = "App.Entities2", "App.Entities2\App.Entities2.csproj", "{4354CBC7-8E73-47CB-9087-049E7FB2543F}"
EndProject
Project("{FAE04EC0-301F-11D3-BF4B-00C04F79EFBC}") = "App.Data", "App.Data\App.Data.csproj", "{894CC108-5339-4E3B-B5B1-5A4B544F70CE}"
EndProject
Project("{FAE04EC0-301F-11D3-BF4B-00C04F79EFBC}") = "App.Data.Test", "App.Data.Test\App.Data.Test.csproj", "{5098221E-3198-482D-9027-C6365B5A68A8}"
EndProject
Global
	GlobalSection(SolutionConfigurationPlatforms) = preSolution
		Debug|Any CPU = Debug|Any CPU
		Debug|ARM = Debug|ARM
		Debug|ARM64 = Debug|ARM64
		Debug|x64 = Debug|x64
		Debug|x86 = Debug|x86
		Release|Any CPU = Release|Any CPU
		Release|ARM = Release|ARM
		Release|ARM64 = Release|ARM64
		Release|x64 = Release|x64
		Release|x86 = Release|x86
	EndGlobalSection
	GlobalSection(ProjectConfigurationPlatforms) = postSolution
		{4354CBC7-8E73-47CB-9087-049E7FB2543F}.Debug|Any CPU.ActiveCfg = Debug|Any CPU
		{4354CBC7-8E73-47CB-9087-049E7FB2543F}.Debug|Any CPU.Build.0 = Debug|Any CPU
		{4354CBC7-8E73-47CB-9087-049E7FB2543F}.Debug|ARM.ActiveCfg = Debug|Any CPU
		{4354CBC7-8E73-47CB-9087-049E7FB2543F}.Debug|ARM.Build.0 = Debug|Any CPU
		{4354CBC7-8E73-47CB-9087-049E7FB2543F}.Debug|ARM64.ActiveCfg = Debug|Any CPU
		{4354CBC7-8E73-47CB-9087-049E7FB2543F}.Debug|ARM64.Build.0 = Debug|Any CPU
		{4354CBC7-8E73-47CB-9087-049E7FB2543F}.Debug|x64.ActiveCfg = Debug|Any CPU
		{4354CBC7-8E73-47CB-9087-049E7FB2543F}.Debug|x64.Build.0 = Debug|Any CPU
		{4354CBC7-8E73-47CB-9087-049E7FB2543F}.Debug|x86.ActiveCfg = Debug|Any CPU
		{4354CBC7-8E73-47CB-9087-049E7FB2543F}.Debug|x86.Build.0 = Debug|Any CPU
		{4354CBC7-8E73-47CB-9087-049E7FB2543F}.Release|Any CPU.ActiveCfg = Release|Any CPU
		{4354CBC7-8E73-47CB-9087-049E7FB2543F}.Release|Any CPU.Build.0 = Release|Any CPU
		{4354CBC7-8E73-47CB-9087-049E7FB2543F}.Release|ARM.ActiveCfg = Release|Any CPU
		{4354CBC7-8E73-47CB-9087-049E7FB2543F}.Release|ARM.Build.0 = Release|Any CPU
		{4354CBC7-8E73-47CB-9087-049E7FB2543F}.Release|ARM64.ActiveCfg = Release|Any CPU
		{4354CBC7-8E73-47CB-9087-049E7FB2543F}.Release|ARM64.Build.0 = Release|Any CPU
		{4354CBC7-8E73-47CB-9087-049E7FB2543F}.Release|x64.ActiveCfg = Release|Any CPU
		{4354CBC7-8E73-47CB-9087-049E7FB2543F}.Release|x64.Build.0 = Release|Any CPU
		{4354CBC7-8E73-47CB-9087-049E7FB2543F}.Release|x86.ActiveCfg = Release|Any CPU
		{4354CBC7-8E73-47CB-9087-049E7FB2543F}.Release|x86.Build.0 = Release|Any CPU
		{894CC108-5339-4E3B-B5B1-5A4B544F70CE}.Debug|Any CPU.ActiveCfg = Debug|Any CPU
		{894CC108-5339-4E3B-B5B1-5A4B544F70CE}.Debug|Any CPU.Build.0 = Debug|Any CPU
		{894CC108-5339-4E3B-B5B1-5A4B544F70CE}.Debug|ARM.ActiveCfg = Debug|Any CPU
		{894CC108-5339-4E3B-B5B1-5A4B544F70CE}.Debug|ARM.Build.0 = Debug|Any CPU
		{894CC108-5339-4E3B-B5B1-5A4B544F70CE}.Debug|ARM64.ActiveCfg = Debug|Any CPU
		{894CC108-5339-4E3B-B5B1-5A4B544F70CE}.Debug|ARM64.Build.0 = Debug|Any CPU
		{894CC108-5339-4E3B-B5B1-5A4B544F70CE}.Debug|x64.ActiveCfg = Debug|Any CPU
		{894CC108-5339-4E3B-B5B1-5A4B544F70CE}.Debug|x64.Build.0 = Debug|Any CPU
		{894CC108-5339-4E3B-B5B1-5A4B544F70CE}.Debug|x86.ActiveCfg = Debug|Any CPU
		{894CC108-5339-4E3B-B5B1-5A4B544F70CE}.Debug|x86.Build.0 = Debug|Any CPU
		{894CC108-5339-4E3B-B5B1-5A4B544F70CE}.Release|Any CPU.ActiveCfg = Release|Any CPU
		{894CC108-5339-4E3B-B5B1-5A4B544F70CE}.Release|Any CPU.Build.0 = Release|Any CPU
		{894CC108-5339-4E3B-B5B1-5A4B544F70CE}.Release|ARM.ActiveCfg = Release|Any CPU
		{894CC108-5339-4E3B-B5B1-5A4B544F70CE}.Release|ARM.Build.0 = Release|Any CPU
		{894CC108-5339-4E3B-B5B1-5A4B544F70CE}.Release|ARM64.ActiveCfg = Release|Any CPU
		{894CC108-5339-4E3B-B5B1-5A4B544F70CE}.Release|ARM64.Build.0 = Release|Any CPU
		{894CC108-5339-4E3B-B5B1-5A4B544F70CE}.Release|x64.ActiveCfg = Release|Any CPU
		{894CC108-5339-4E3B-B5B1-5A4B544F70CE}.Release|x64.Build.0 = Release|Any CPU
		{894CC108-5339-4E3B-B5B1-5A4B544F70CE}.Release|x86.ActiveCfg = Release|Any CPU
		{894CC108-5339-4E3B-B5B1-5A4B544F70CE}.Release|x86.Build.0 = Release|Any CPU
		{5098221E-3198-482D-9027-C6365B5A68A8}.Debug|Any CPU.ActiveCfg = Debug|Any CPU
		{5098221E-3198-482D-9027-C6365B5A68A8}.Debug|Any CPU.Build.0 = Debug|Any CPU
		{5098221E-3198-482D-9027-C6365B5A68A8}.Debug|ARM.ActiveCfg = Debug|Any CPU
		{5098221E-3198-482D-9027-C6365B5A68A8}.Debug|ARM.Build.0 = Debug|Any CPU
		{5098221E-3198-482D-9027-C6365B5A68A8}.Debug|ARM64.ActiveCfg = Debug|Any CPU
		{5098221E-3198-482D-9027-C6365B5A68A8}.Debug|ARM64.Build.0 = Debug|Any CPU
		{5098221E-3198-482D-9027-C6365B5A68A8}.Debug|x64.ActiveCfg = Debug|Any CPU
		{5098221E-3198-482D-9027-C6365B5A68A8}.Debug|x64.Build.0 = Debug|Any CPU
		{5098221E-3198-482D-9027-C6365B5A68A8}.Debug|x86.ActiveCfg = Debug|Any CPU
		{5098221E-3198-482D-9027-C6365B5A68A8}.Debug|x86.Build.0 = Debug|Any CPU
		{5098221E-3198-482D-9027-C6365B5A68A8}.Release|Any CPU.ActiveCfg = Release|Any CPU
		{5098221E-3198-482D-9027-C6365B5A68A8}.Release|Any CPU.Build.0 = Release|Any CPU
		{5098221E-3198-482D-9027-C6365B5A68A8}.Release|ARM.ActiveCfg = Release|Any CPU
		{5098221E-3198-482D-9027-C6365B5A68A8}.Release|ARM.Build.0 = Release|Any CPU
		{5098221E-3198-482D-9027-C6365B5A68A8}.Release|ARM64.ActiveCfg = Release|Any CPU
		{5098221E-3198-482D-9027-C6365B5A68A8}.Release|ARM64.Build.0 = Release|Any CPU
		{5098221E-3198-482D-9027-C6365B5A68A8}.Release|x64.ActiveCfg = Release|Any CPU
		{5098221E-3198-482D-9027-C6365B5A68A8}.Release|x64.Build.0 = Release|Any CPU
		{5098221E-3198-482D-9027-C6365B5A68A8}.Release|x86.ActiveCfg = Release|Any CPU
		{5098221E-3198-482D-9027-C6365B5A68A8}.Release|x86.Build.0 = Release|Any CPU
	EndGlobalSection
	GlobalSection(SolutionProperties) = preSolution
		HideSolutionNode = FALSE
	EndGlobalSection
	GlobalSection(ExtensibilityGlobals) = postSolution
		SolutionGuid = {D852DBB8-FFF3-4406-AC38-693FE19F50DC}
	EndGlobalSection
EndGlobal
